dependencies:
- name: postgresql
  repository: https://charts.bitnami.com/bitnami
  version: 13.2.0
- name: redis
  repository: https://charts.bitnami.com/bitnami
  version: 18.2.0
- name: mongodb
  repository: https://charts.bitnami.com/bitnami
  version: 14.0.12
digest: sha256:7de7d7a7f175a92d6851353c89d11280a2538a13ffaf2728d9eea20a5e7ff17e
generated: "2023-11-06T00:32:36.266996029+03:00"
